# bau.lock - @generated by bau, do not edit
version = 2
resolver = "atlas-bridge"
requirementsHash = "sha256:a569dde229dfc71ee0f36ae05166962d1db15ba06f3a1a98e08102797b8eafe4"
workspaceMembers = ["."]

[[rootDependency]]
name = "parsetoml"
requirement = ">=0.6.0"
source = "registry+nimble://default"
enabledBy = []
workspaceMember = "."

[[package]]
name = ".cache"
version = ""
source = "registry+nimble://default"
checksum = "sha256:86d9dc74e480f0aa196b6c1bac7bc649674a38a89a33a9cd6fcc84f3bcb947f9"
path = "deps/.cache"
materialized = true
lockedAt = 1778852343
enabledBy = []
dependencies = []

[[package]]
name = "parsetoml"
version = "0.7.2"
source = "git+https://github.com/NimParsers/parsetoml#d297f5a81be2472905d367aa675dcbbca6e7a5d2"
revision = "d297f5a81be2472905d367aa675dcbbca6e7a5d2"
checksum = "sha256:6bd0cafbf1f189538f4ffc335da86abae8d4d8d4eb7dddb0306ddd6c26d7903f"
path = "deps/parsetoml"
direct = true
materialized = true
lockedAt = 1778672306
enabledBy = []
dependencies = []

