# bau.lock - @generated by bau, do not edit
version = 2
resolver = "atlas-bridge"
requirementsHash = "sha256:fa28ed25166bbd38bb44e0edbc245fef473f379f3d5f10bab4cbfb58a4a3ffea"
workspaceMembers = ["."]

[[rootDependency]]
name = "parsetoml"
requirement = ">=0.6.0"
source = "registry+nimble://default"
enabledBy = []
workspaceMember = "."

[[package]]
name = ".cache"
version = ""
source = "registry+nimble://default"
checksum = "sha256:fed3a12c8588a96732bb53cf5114571810b0faeaa23655b7b325d0058bf834ea"
path = "deps/.cache"
materialized = true
lockedAt = 1779024471
enabledBy = []
dependencies = []

[[package]]
name = "parsetoml"
version = "0.7.2"
source = "git+https://github.com/NimParsers/parsetoml#d297f5a81be2472905d367aa675dcbbca6e7a5d2"
revision = "d297f5a81be2472905d367aa675dcbbca6e7a5d2"
checksum = "sha256:6bd0cafbf1f189538f4ffc335da86abae8d4d8d4eb7dddb0306ddd6c26d7903f"
path = "deps/parsetoml"
direct = true
materialized = true
lockedAt = 1778672306
enabledBy = []
dependencies = []

